Microsoft Visual Studio Solution File, Format Version 12.00
# Visual Studio Version 17
VisualStudioVersion = 17.5.2.0
MinimumVisualStudioVersion = 10.0.40219.1
Project("{FAE04EC0-301F-11D3-BF4B-00C04F79EFBC}") = "Lincoln.Web", "Lincoln.Web\Lincoln.Web.csproj", "{1A1BB714-FD3E-6817-CAA0-2BC5CF8B0D2B}"
EndProject
Global
	GlobalSection(SolutionConfigurationPlatforms) = preSolution
		Debug|Any CPU = Debug|Any CPU
		Release|Any CPU = Release|Any CPU
	EndGlobalSection
	GlobalSection(ProjectConfigurationPlatforms) = postSolution
		{1A1BB714-FD3E-6817-CAA0-2BC5CF8B0D2B}.Debug|Any CPU.ActiveCfg = Debug|Any CPU
		{1A1BB714-FD3E-6817-CAA0-2BC5CF8B0D2B}.Debug|Any CPU.Build.0 = Debug|Any CPU
		{1A1BB714-FD3E-6817-CAA0-2BC5CF8B0D2B}.Release|Any CPU.ActiveCfg = Release|Any CPU
		{1A1BB714-FD3E-6817-CAA0-2BC5CF8B0D2B}.Release|Any CPU.Build.0 = Release|Any CPU
	EndGlobalSection
	GlobalSection(SolutionProperties) = preSolution
		HideSolutionNode = FALSE
	EndGlobalSection
	GlobalSection(ExtensibilityGlobals) = postSolution
		SolutionGuid = {14764FE2-B0F9-406D-AA73-EE9A6908AF8B}
	EndGlobalSection
EndGlobal
